
Microsoft Visual Studio Solution File, Format Version 12.00
# Visual Studio Version 17
VisualStudioVersion = 17.8.34316.72
MinimumVisualStudioVersion = 10.0.40219.1
Project("{FAE04EC0-301F-11D3-BF4B-00C04F79EFBC}") = "HRLib", "HRLib\HRLib.csproj", "{3B50E4E1-034B-4322-B5BC-C9ED87F67EFA}"
EndProject
Project("{FAE04EC0-301F-11D3-BF4B-00C04F79EFBC}") = "UnitTestProject", "UnitTestProject\UnitTestProject.csproj", "{40BB19FE-7141-44C4-8DD0-7A066A0A03E6}"
EndProject
Global
	GlobalSection(SolutionConfigurationPlatforms) = preSolution
		Debug|Any CPU = Debug|Any CPU
		Release|Any CPU = Release|Any CPU
	EndGlobalSection
	GlobalSection(ProjectConfigurationPlatforms) = postSolution
		{3B50E4E1-034B-4322-B5BC-C9ED87F67EFA}.Debug|Any CPU.ActiveCfg = Debug|Any CPU
		{3B50E4E1-034B-4322-B5BC-C9ED87F67EFA}.Debug|Any CPU.Build.0 = Debug|Any CPU
		{3B50E4E1-034B-4322-B5BC-C9ED87F67EFA}.Release|Any CPU.ActiveCfg = Release|Any CPU
		{3B50E4E1-034B-4322-B5BC-C9ED87F67EFA}.Release|Any CPU.Build.0 = Release|Any CPU
		{40BB19FE-7141-44C4-8DD0-7A066A0A03E6}.Debug|Any CPU.ActiveCfg = Debug|Any CPU
		{40BB19FE-7141-44C4-8DD0-7A066A0A03E6}.Debug|Any CPU.Build.0 = Debug|Any CPU
		{40BB19FE-7141-44C4-8DD0-7A066A0A03E6}.Release|Any CPU.ActiveCfg = Release|Any CPU
		{40BB19FE-7141-44C4-8DD0-7A066A0A03E6}.Release|Any CPU.Build.0 = Release|Any CPU
	EndGlobalSection
	GlobalSection(SolutionProperties) = preSolution
		HideSolutionNode = FALSE
	EndGlobalSection
	GlobalSection(ExtensibilityGlobals) = postSolution
		SolutionGuid = {03E01C0D-4B1F-4E00-8C67-D0394987FCCD}
	EndGlobalSection
EndGlobal
